schema: '2.0'
stages:
  preprocess:
    cmd: python -m src.preprocess
    deps:
    - path: data/raw/stroke_risk_prediction_dataset.csv
      hash: md5
      md5: cee531eccf4cc3434af28a6229850f69
      size: 11274705
    - path: src/preprocess.py
      hash: md5
      md5: 54ad05d72d56132df6737893fb6309e5
      size: 12163
    params:
      params.yaml:
        preprocess.random_state: 42
        preprocess.raw_data_path: data/raw/stroke_risk_prediction_dataset.csv
        preprocess.target_column: Stroke_Risk
        preprocess.test_data_path: data/processed/test.csv
        preprocess.test_size: 0.2
        preprocess.train_data_path: data/processed/train.csv
    outs:
    - path: data/processed/test.csv
      hash: md5
      md5: 9ca70b0bea960cadc7c935be5436093b
      size: 5805471
    - path: data/processed/train.csv
      hash: md5
      md5: 03a2c33b33d584bfa620013103ea083d
      size: 54140163
  train:
    cmd: python -m src.train
    deps:
    - path: data/processed/train.csv
      hash: md5
      md5: 03a2c33b33d584bfa620013103ea083d
      size: 54140163
    - path: src/train.py
      hash: md5
      md5: 50fcfe9035fc4b2b79ea40d91d8775ca
      size: 1527
    params:
      params.yaml:
        train.learning_rate: 0.05
        train.max_depth: 5
        train.model_path: models/model.joblib
        train.n_estimators: 100
        train.random_state: 42
        train.train_data_path: data/processed/train.csv
    outs:
    - path: models/model.joblib
      hash: md5
      md5: 211ccec948bbace742313fa1f9616d1d
      size: 358408
  evaluate:
    cmd: python -m src.evaluate
    deps:
    - path: data/processed/test.csv
      hash: md5
      md5: 9ca70b0bea960cadc7c935be5436093b
      size: 5805471
    - path: models/model.joblib
      hash: md5
      md5: 211ccec948bbace742313fa1f9616d1d
      size: 358408
    - path: src/evaluate.py
      hash: md5
      md5: 4770918b01cd6d26e49109109c557cd3
      size: 2344
    params:
      params.yaml:
        evaluate.metrics_path: metrics.json
        evaluate.model_path: models/model.joblib
        evaluate.test_data_path: data/processed/test.csv
    outs:
    - path: metrics.json
      hash: md5
      md5: 83e4b9048d1a3aa63191c773e5deaab6
      size: 123
